
Microsoft Visual Studio Solution File, Format Version 12.00
# Visual Studio 2012
Project("{FAE04EC0-301F-11D3-BF4B-00C04F79EFBC}") = "ParkerFox.Site", "ParkerFox.Site\ParkerFox.Site.csproj", "{FFD0B652-57B7-4C2B-AD07-AF94D882DB07}"
EndProject
Project("{FAE04EC0-301F-11D3-BF4B-00C04F79EFBC}") = "ParkerFox.Core", "ParkerFox.Core\ParkerFox.Core.csproj", "{F7198E49-D059-41E4-A565-E3DA758A74AC}"
EndProject
Project("{FAE04EC0-301F-11D3-BF4B-00C04F79EFBC}") = "ParkerFox.Infrastructure", "ParkerFox.Infrastructure\ParkerFox.Infrastructure.csproj", "{F3C0773E-D0C8-45BB-B054-D395F3EE1DEB}"
EndProject
Project("{FAE04EC0-301F-11D3-BF4B-00C04F79EFBC}") = "ParkerFox.Application", "ParkerFox.Application\ParkerFox.Application.csproj", "{13B42E01-21E9-4CA1-8EEC-A3C32D3935DC}"
EndProject
Project("{2150E333-8FDC-42A3-9474-1A3956D46DE8}") = "1 - UI", "1 - UI", "{C5D92B35-800D-49B5-889B-F46E073F6A68}"
EndProject
Project("{2150E333-8FDC-42A3-9474-1A3956D46DE8}") = "2 - Core", "2 - Core", "{D2D15329-E184-4DA5-86C2-C213CF8AD084}"
EndProject
Project("{2150E333-8FDC-42A3-9474-1A3956D46DE8}") = "3 - Application", "3 - Application", "{E74AAEA5-FEC4-4D53-B296-D8CB7FF45A92}"
EndProject
Project("{2150E333-8FDC-42A3-9474-1A3956D46DE8}") = "4 - Infrastructure", "4 - Infrastructure", "{242B7ED8-3D84-4A86-B705-13118854B354}"
EndProject
Project("{2150E333-8FDC-42A3-9474-1A3956D46DE8}") = ".nuget", ".nuget", "{E25DC445-F6BF-4964-89F6-39F9E9DBD045}"
	ProjectSection(SolutionItems) = preProject
		.nuget\NuGet.exe = .nuget\NuGet.exe
		.nuget\NuGet.targets = .nuget\NuGet.targets
		.nuget\packages.config = .nuget\packages.config
	EndProjectSection
EndProject
Project("{FAE04EC0-301F-11D3-BF4B-00C04F79EFBC}") = "BitsNPerices", "BitsNPerices\BitsNPerices.csproj", "{BBAB4F12-9408-44C4-8860-38B9CE13EA3F}"
EndProject
Project("{2150E333-8FDC-42A3-9474-1A3956D46DE8}") = "5 - Tests", "5 - Tests", "{49123BC9-8DCA-4071-B0B2-E908674CEFA4}"
EndProject
Project("{FAE04EC0-301F-11D3-BF4B-00C04F79EFBC}") = "ParkerFox.UnitTests", "ParkerFox.UnitTests\ParkerFox.UnitTests.csproj", "{0424FAB1-BE0F-4E72-B0B3-04A0848E171C}"
EndProject
Project("{FAE04EC0-301F-11D3-BF4B-00C04F79EFBC}") = "ParkerFox.IntegrationTests", "ParkerFox.IntegrationTests\ParkerFox.IntegrationTests.csproj", "{5B2ED4EE-EDAC-46BE-B473-AD2C4743A613}"
EndProject
Project("{2150E333-8FDC-42A3-9474-1A3956D46DE8}") = "0 - Notes", "0 - Notes", "{E0A5CA0F-121D-40CD-BBB6-E5208CD97067}"
	ProjectSection(SolutionItems) = preProject
		Links.txt = Links.txt
		Principals and Practices.txt = Principals and Practices.txt
		Testing.txt = Testing.txt
	EndProjectSection
EndProject
Project("{FAE04EC0-301F-11D3-BF4B-00C04F79EFBC}") = "Bits.Tests", "Bits.Tests\Bits.Tests.csproj", "{8824270F-41DF-438F-991B-8CE15C43EC69}"
EndProject
Project("{FAE04EC0-301F-11D3-BF4B-00C04F79EFBC}") = "ConsoleApplication1", "ConsoleApplication1\ConsoleApplication1.csproj", "{E0A1DEE0-EE55-41B7-8D6A-C43C21B437E4}"
EndProject
Project("{FAE04EC0-301F-11D3-BF4B-00C04F79EFBC}") = "BitsAndPieces", "BitsAndPieces\BitsAndPieces.csproj", "{2945FBEA-76FD-4812-A747-B623DE115901}"
EndProject
Project("{FAE04EC0-301F-11D3-BF4B-00C04F79EFBC}") = "ParkerFox.Site.Controllers", "ParkerFox.Site.Controllers\ParkerFox.Site.Controllers.csproj", "{2A0A8985-B96A-40C5-A73B-ABA09B9DD35D}"
EndProject
Project("{FAE04EC0-301F-11D3-BF4B-00C04F79EFBC}") = "ParkerFox.Site.ViewModels", "ParkerFox.Site.ViewModels\ParkerFox.Site.ViewModels.csproj", "{05782A8D-D454-4591-B439-3BDF955EA39A}"
EndProject
Project("{FAE04EC0-301F-11D3-BF4B-00C04F79EFBC}") = "ParkerFox.WebApi", "ParkerFox.WebApi\ParkerFox.WebApi.csproj", "{4C67610A-EF2E-4DF2-9D66-B0B546142992}"
EndProject
Project("{2150E333-8FDC-42A3-9474-1A3956D46DE8}") = "9 - Bits n pieces", "9 - Bits n pieces", "{C204F751-82BC-478D-BA8F-EEE8FB27577B}"
EndProject
Project("{2150E333-8FDC-42A3-9474-1A3956D46DE8}") = "BackOffice", "BackOffice", "{ED543445-AD4B-42C2-91EC-1AAC6C162F01}"
EndProject
Project("{FAE04EC0-301F-11D3-BF4B-00C04F79EFBC}") = "ParkerFox.Shell", "ParkerFox.Shell\ParkerFox.Shell.csproj", "{DDF341B2-965F-496B-9D03-2ADB55177257}"
EndProject
Project("{FAE04EC0-301F-11D3-BF4B-00C04F79EFBC}") = "ParkerFox.WebApi.Host", "ParkerFox.WebApi.Host\ParkerFox.WebApi.Host.csproj", "{D87675FC-0808-433A-817A-1B0D1DFD59AA}"
EndProject
Project("{FAE04EC0-301F-11D3-BF4B-00C04F79EFBC}") = "CQRS", "CQRS\CQRS.csproj", "{FFE2E0AC-09DE-43F1-A62D-28A227F32C65}"
EndProject
Project("{FAE04EC0-301F-11D3-BF4B-00C04F79EFBC}") = "ParkerFox.Services.Host", "ParkerFox.Services.Host\ParkerFox.Services.Host.csproj", "{658DA642-B30B-46C8-B70A-D7C32E890547}"
EndProject
Global
	GlobalSection(SolutionConfigurationPlatforms) = preSolution
		Debug|Any CPU = Debug|Any CPU
		Release|Any CPU = Release|Any CPU
	EndGlobalSection
	GlobalSection(ProjectConfigurationPlatforms) = postSolution
		{FFD0B652-57B7-4C2B-AD07-AF94D882DB07}.Debug|Any CPU.ActiveCfg = Debug|Any CPU
		{FFD0B652-57B7-4C2B-AD07-AF94D882DB07}.Debug|Any CPU.Build.0 = Debug|Any CPU
		{FFD0B652-57B7-4C2B-AD07-AF94D882DB07}.Release|Any CPU.ActiveCfg = Release|Any CPU
		{FFD0B652-57B7-4C2B-AD07-AF94D882DB07}.Release|Any CPU.Build.0 = Release|Any CPU
		{F7198E49-D059-41E4-A565-E3DA758A74AC}.Debug|Any CPU.ActiveCfg = Debug|Any CPU
		{F7198E49-D059-41E4-A565-E3DA758A74AC}.Debug|Any CPU.Build.0 = Debug|Any CPU
		{F7198E49-D059-41E4-A565-E3DA758A74AC}.Release|Any CPU.ActiveCfg = Release|Any CPU
		{F7198E49-D059-41E4-A565-E3DA758A74AC}.Release|Any CPU.Build.0 = Release|Any CPU
		{F3C0773E-D0C8-45BB-B054-D395F3EE1DEB}.Debug|Any CPU.ActiveCfg = Debug|Any CPU
		{F3C0773E-D0C8-45BB-B054-D395F3EE1DEB}.Debug|Any CPU.Build.0 = Debug|Any CPU
		{F3C0773E-D0C8-45BB-B054-D395F3EE1DEB}.Release|Any CPU.ActiveCfg = Release|Any CPU
		{F3C0773E-D0C8-45BB-B054-D395F3EE1DEB}.Release|Any CPU.Build.0 = Release|Any CPU
		{13B42E01-21E9-4CA1-8EEC-A3C32D3935DC}.Debug|Any CPU.ActiveCfg = Debug|Any CPU
		{13B42E01-21E9-4CA1-8EEC-A3C32D3935DC}.Debug|Any CPU.Build.0 = Debug|Any CPU
		{13B42E01-21E9-4CA1-8EEC-A3C32D3935DC}.Release|Any CPU.ActiveCfg = Release|Any CPU
		{13B42E01-21E9-4CA1-8EEC-A3C32D3935DC}.Release|Any CPU.Build.0 = Release|Any CPU
		{BBAB4F12-9408-44C4-8860-38B9CE13EA3F}.Debug|Any CPU.ActiveCfg = Debug|Any CPU
		{BBAB4F12-9408-44C4-8860-38B9CE13EA3F}.Debug|Any CPU.Build.0 = Debug|Any CPU
		{BBAB4F12-9408-44C4-8860-38B9CE13EA3F}.Release|Any CPU.ActiveCfg = Release|Any CPU
		{BBAB4F12-9408-44C4-8860-38B9CE13EA3F}.Release|Any CPU.Build.0 = Release|Any CPU
		{0424FAB1-BE0F-4E72-B0B3-04A0848E171C}.Debug|Any CPU.ActiveCfg = Debug|Any CPU
		{0424FAB1-BE0F-4E72-B0B3-04A0848E171C}.Debug|Any CPU.Build.0 = Debug|Any CPU
		{0424FAB1-BE0F-4E72-B0B3-04A0848E171C}.Release|Any CPU.ActiveCfg = Release|Any CPU
		{0424FAB1-BE0F-4E72-B0B3-04A0848E171C}.Release|Any CPU.Build.0 = Release|Any CPU
		{5B2ED4EE-EDAC-46BE-B473-AD2C4743A613}.Debug|Any CPU.ActiveCfg = Debug|Any CPU
		{5B2ED4EE-EDAC-46BE-B473-AD2C4743A613}.Debug|Any CPU.Build.0 = Debug|Any CPU
		{5B2ED4EE-EDAC-46BE-B473-AD2C4743A613}.Release|Any CPU.ActiveCfg = Release|Any CPU
		{5B2ED4EE-EDAC-46BE-B473-AD2C4743A613}.Release|Any CPU.Build.0 = Release|Any CPU
		{8824270F-41DF-438F-991B-8CE15C43EC69}.Debug|Any CPU.ActiveCfg = Debug|Any CPU
		{8824270F-41DF-438F-991B-8CE15C43EC69}.Debug|Any CPU.Build.0 = Debug|Any CPU
		{8824270F-41DF-438F-991B-8CE15C43EC69}.Release|Any CPU.ActiveCfg = Release|Any CPU
		{8824270F-41DF-438F-991B-8CE15C43EC69}.Release|Any CPU.Build.0 = Release|Any CPU
		{E0A1DEE0-EE55-41B7-8D6A-C43C21B437E4}.Debug|Any CPU.ActiveCfg = Debug|Any CPU
		{E0A1DEE0-EE55-41B7-8D6A-C43C21B437E4}.Debug|Any CPU.Build.0 = Debug|Any CPU
		{E0A1DEE0-EE55-41B7-8D6A-C43C21B437E4}.Release|Any CPU.ActiveCfg = Release|Any CPU
		{E0A1DEE0-EE55-41B7-8D6A-C43C21B437E4}.Release|Any CPU.Build.0 = Release|Any CPU
		{2945FBEA-76FD-4812-A747-B623DE115901}.Debug|Any CPU.ActiveCfg = Debug|Any CPU
		{2945FBEA-76FD-4812-A747-B623DE115901}.Debug|Any CPU.Build.0 = Debug|Any CPU
		{2945FBEA-76FD-4812-A747-B623DE115901}.Release|Any CPU.ActiveCfg = Release|Any CPU
		{2945FBEA-76FD-4812-A747-B623DE115901}.Release|Any CPU.Build.0 = Release|Any CPU
		{2A0A8985-B96A-40C5-A73B-ABA09B9DD35D}.Debug|Any CPU.ActiveCfg = Debug|Any CPU
		{2A0A8985-B96A-40C5-A73B-ABA09B9DD35D}.Debug|Any CPU.Build.0 = Debug|Any CPU
		{2A0A8985-B96A-40C5-A73B-ABA09B9DD35D}.Release|Any CPU.ActiveCfg = Release|Any CPU
		{2A0A8985-B96A-40C5-A73B-ABA09B9DD35D}.Release|Any CPU.Build.0 = Release|Any CPU
		{05782A8D-D454-4591-B439-3BDF955EA39A}.Debug|Any CPU.ActiveCfg = Debug|Any CPU
		{05782A8D-D454-4591-B439-3BDF955EA39A}.Debug|Any CPU.Build.0 = Debug|Any CPU
		{05782A8D-D454-4591-B439-3BDF955EA39A}.Release|Any CPU.ActiveCfg = Release|Any CPU
		{05782A8D-D454-4591-B439-3BDF955EA39A}.Release|Any CPU.Build.0 = Release|Any CPU
		{4C67610A-EF2E-4DF2-9D66-B0B546142992}.Debug|Any CPU.ActiveCfg = Debug|Any CPU
		{4C67610A-EF2E-4DF2-9D66-B0B546142992}.Debug|Any CPU.Build.0 = Debug|Any CPU
		{4C67610A-EF2E-4DF2-9D66-B0B546142992}.Release|Any CPU.ActiveCfg = Release|Any CPU
		{4C67610A-EF2E-4DF2-9D66-B0B546142992}.Release|Any CPU.Build.0 = Release|Any CPU
		{DDF341B2-965F-496B-9D03-2ADB55177257}.Debug|Any CPU.ActiveCfg = Debug|Any CPU
		{DDF341B2-965F-496B-9D03-2ADB55177257}.Debug|Any CPU.Build.0 = Debug|Any CPU
		{DDF341B2-965F-496B-9D03-2ADB55177257}.Release|Any CPU.ActiveCfg = Release|Any CPU
		{DDF341B2-965F-496B-9D03-2ADB55177257}.Release|Any CPU.Build.0 = Release|Any CPU
		{D87675FC-0808-433A-817A-1B0D1DFD59AA}.Debug|Any CPU.ActiveCfg = Debug|Any CPU
		{D87675FC-0808-433A-817A-1B0D1DFD59AA}.Debug|Any CPU.Build.0 = Debug|Any CPU
		{D87675FC-0808-433A-817A-1B0D1DFD59AA}.Release|Any CPU.ActiveCfg = Release|Any CPU
		{D87675FC-0808-433A-817A-1B0D1DFD59AA}.Release|Any CPU.Build.0 = Release|Any CPU
		{FFE2E0AC-09DE-43F1-A62D-28A227F32C65}.Debug|Any CPU.ActiveCfg = Debug|Any CPU
		{FFE2E0AC-09DE-43F1-A62D-28A227F32C65}.Debug|Any CPU.Build.0 = Debug|Any CPU
		{FFE2E0AC-09DE-43F1-A62D-28A227F32C65}.Release|Any CPU.ActiveCfg = Release|Any CPU
		{FFE2E0AC-09DE-43F1-A62D-28A227F32C65}.Release|Any CPU.Build.0 = Release|Any CPU
		{658DA642-B30B-46C8-B70A-D7C32E890547}.Debug|Any CPU.ActiveCfg = Debug|Any CPU
		{658DA642-B30B-46C8-B70A-D7C32E890547}.Debug|Any CPU.Build.0 = Debug|Any CPU
		{658DA642-B30B-46C8-B70A-D7C32E890547}.Release|Any CPU.ActiveCfg = Release|Any CPU
		{658DA642-B30B-46C8-B70A-D7C32E890547}.Release|Any CPU.Build.0 = Release|Any CPU
	EndGlobalSection
	GlobalSection(SolutionProperties) = preSolution
		HideSolutionNode = FALSE
	EndGlobalSection
	GlobalSection(NestedProjects) = preSolution
		{FFD0B652-57B7-4C2B-AD07-AF94D882DB07} = {C5D92B35-800D-49B5-889B-F46E073F6A68}
		{2A0A8985-B96A-40C5-A73B-ABA09B9DD35D} = {C5D92B35-800D-49B5-889B-F46E073F6A68}
		{05782A8D-D454-4591-B439-3BDF955EA39A} = {C5D92B35-800D-49B5-889B-F46E073F6A68}
		{ED543445-AD4B-42C2-91EC-1AAC6C162F01} = {C5D92B35-800D-49B5-889B-F46E073F6A68}
		{F7198E49-D059-41E4-A565-E3DA758A74AC} = {D2D15329-E184-4DA5-86C2-C213CF8AD084}
		{F3C0773E-D0C8-45BB-B054-D395F3EE1DEB} = {242B7ED8-3D84-4A86-B705-13118854B354}
		{13B42E01-21E9-4CA1-8EEC-A3C32D3935DC} = {E74AAEA5-FEC4-4D53-B296-D8CB7FF45A92}
		{4C67610A-EF2E-4DF2-9D66-B0B546142992} = {E74AAEA5-FEC4-4D53-B296-D8CB7FF45A92}
		{D87675FC-0808-433A-817A-1B0D1DFD59AA} = {E74AAEA5-FEC4-4D53-B296-D8CB7FF45A92}
		{658DA642-B30B-46C8-B70A-D7C32E890547} = {E74AAEA5-FEC4-4D53-B296-D8CB7FF45A92}
		{8824270F-41DF-438F-991B-8CE15C43EC69} = {C204F751-82BC-478D-BA8F-EEE8FB27577B}
		{E0A1DEE0-EE55-41B7-8D6A-C43C21B437E4} = {C204F751-82BC-478D-BA8F-EEE8FB27577B}
		{2945FBEA-76FD-4812-A747-B623DE115901} = {C204F751-82BC-478D-BA8F-EEE8FB27577B}
		{BBAB4F12-9408-44C4-8860-38B9CE13EA3F} = {C204F751-82BC-478D-BA8F-EEE8FB27577B}
		{FFE2E0AC-09DE-43F1-A62D-28A227F32C65} = {C204F751-82BC-478D-BA8F-EEE8FB27577B}
		{0424FAB1-BE0F-4E72-B0B3-04A0848E171C} = {49123BC9-8DCA-4071-B0B2-E908674CEFA4}
		{5B2ED4EE-EDAC-46BE-B473-AD2C4743A613} = {49123BC9-8DCA-4071-B0B2-E908674CEFA4}
		{DDF341B2-965F-496B-9D03-2ADB55177257} = {ED543445-AD4B-42C2-91EC-1AAC6C162F01}
	EndGlobalSection
EndGlobal
