
Microsoft Visual Studio Solution File, Format Version 12.00
# Visual Studio 2012
Project("{FAE04EC0-301F-11D3-BF4B-00C04F79EFBC}") = "MagHag.Core", "MagHag.Core\MagHag.Core.csproj", "{13A6B299-BFCF-4C78-B84D-1C4B39174B8F}"
EndProject
Project("{FAE04EC0-301F-11D3-BF4B-00C04F79EFBC}") = "MagHag.Tests.Unit", "MagHag.Tests.Unit\MagHag.Tests.Unit.csproj", "{AB2D2D0E-9561-4C83-A0CA-526EA02F3616}"
EndProject
Project("{FAE04EC0-301F-11D3-BF4B-00C04F79EFBC}") = "MagHag.Site", "MagHag.Site\MagHag.Site.csproj", "{D2A4C480-47A3-4672-AAA5-38442D8B268C}"
EndProject
Project("{FAE04EC0-301F-11D3-BF4B-00C04F79EFBC}") = "MagHag.Infrastructure", "MagHag.Infrastructure\MagHag.Infrastructure.csproj", "{2DA40BBD-F347-4AB4-BE2E-EAE144E0F4A0}"
EndProject
Project("{FAE04EC0-301F-11D3-BF4B-00C04F79EFBC}") = "MagHag.Application", "MagHag.Application\MagHag.Application.csproj", "{CC0B5471-21E6-4F41-85A4-82D224E7833B}"
EndProject
Project("{2150E333-8FDC-42A3-9474-1A3956D46DE8}") = "Solution Items", "Solution Items", "{51A0A84D-5A9F-4C4A-8FD1-5924ABC0CFCB}"
	ProjectSection(SolutionItems) = preProject
		links.txt = links.txt
	EndProjectSection
EndProject
Project("{2150E333-8FDC-42A3-9474-1A3956D46DE8}") = "Billing", "Billing", "{89434C67-9DC3-4476-BDA1-B173685F793D}"
EndProject
Project("{FAE04EC0-301F-11D3-BF4B-00C04F79EFBC}") = "MagHag.Backend", "MagHag.Backend\MagHag.Backend.csproj", "{C2C6B789-816E-4138-977A-42FAC7CC5BFB}"
EndProject
Project("{FAE04EC0-301F-11D3-BF4B-00C04F79EFBC}") = "MagHag.Billing.Application", "MagHag.Billing.Application\MagHag.Billing.Application.csproj", "{A5F3B129-5A1B-40B6-A458-29266A021B4E}"
EndProject
Project("{2150E333-8FDC-42A3-9474-1A3956D46DE8}") = "Subscriptions", "Subscriptions", "{345EC5AF-F8E1-4B0E-B08F-92CF104DBFEF}"
EndProject
Project("{FAE04EC0-301F-11D3-BF4B-00C04F79EFBC}") = "MagHag.Subscriptions.Messaging", "MagHag.Subscriptions.Messaging\MagHag.Subscriptions.Messaging.csproj", "{ABC151CC-E1AE-4A2A-95F2-2DCD35CB2B9D}"
EndProject
Project("{FAE04EC0-301F-11D3-BF4B-00C04F79EFBC}") = "MagHag.Subscriptions.Core", "MagHag.Subscriptions.Core\MagHag.Subscriptions.Core.csproj", "{856128E5-D7FE-4FCF-A256-E42338F5A83B}"
EndProject
Project("{FAE04EC0-301F-11D3-BF4B-00C04F79EFBC}") = "MagHag.Subscriptions.Application", "MagHag.Subscriptions.Application\MagHag.Subscriptions.Application.csproj", "{698F1CFC-B1F8-414B-A3DE-5FD259767860}"
EndProject
Project("{FAE04EC0-301F-11D3-BF4B-00C04F79EFBC}") = "MagHag.Billing.Messaging", "MagHag.Billing.Messaging\MagHag.Billing.Messaging.csproj", "{7B191702-E5B1-459B-99FB-2167B29F8B53}"
EndProject
Global
	GlobalSection(SolutionConfigurationPlatforms) = preSolution
		Debug|Any CPU = Debug|Any CPU
		Release|Any CPU = Release|Any CPU
	EndGlobalSection
	GlobalSection(ProjectConfigurationPlatforms) = postSolution
		{13A6B299-BFCF-4C78-B84D-1C4B39174B8F}.Debug|Any CPU.ActiveCfg = Debug|Any CPU
		{13A6B299-BFCF-4C78-B84D-1C4B39174B8F}.Debug|Any CPU.Build.0 = Debug|Any CPU
		{13A6B299-BFCF-4C78-B84D-1C4B39174B8F}.Release|Any CPU.ActiveCfg = Release|Any CPU
		{13A6B299-BFCF-4C78-B84D-1C4B39174B8F}.Release|Any CPU.Build.0 = Release|Any CPU
		{AB2D2D0E-9561-4C83-A0CA-526EA02F3616}.Debug|Any CPU.ActiveCfg = Debug|Any CPU
		{AB2D2D0E-9561-4C83-A0CA-526EA02F3616}.Debug|Any CPU.Build.0 = Debug|Any CPU
		{AB2D2D0E-9561-4C83-A0CA-526EA02F3616}.Release|Any CPU.ActiveCfg = Release|Any CPU
		{AB2D2D0E-9561-4C83-A0CA-526EA02F3616}.Release|Any CPU.Build.0 = Release|Any CPU
		{D2A4C480-47A3-4672-AAA5-38442D8B268C}.Debug|Any CPU.ActiveCfg = Debug|Any CPU
		{D2A4C480-47A3-4672-AAA5-38442D8B268C}.Debug|Any CPU.Build.0 = Debug|Any CPU
		{D2A4C480-47A3-4672-AAA5-38442D8B268C}.Release|Any CPU.ActiveCfg = Release|Any CPU
		{D2A4C480-47A3-4672-AAA5-38442D8B268C}.Release|Any CPU.Build.0 = Release|Any CPU
		{2DA40BBD-F347-4AB4-BE2E-EAE144E0F4A0}.Debug|Any CPU.ActiveCfg = Debug|Any CPU
		{2DA40BBD-F347-4AB4-BE2E-EAE144E0F4A0}.Debug|Any CPU.Build.0 = Debug|Any CPU
		{2DA40BBD-F347-4AB4-BE2E-EAE144E0F4A0}.Release|Any CPU.ActiveCfg = Release|Any CPU
		{2DA40BBD-F347-4AB4-BE2E-EAE144E0F4A0}.Release|Any CPU.Build.0 = Release|Any CPU
		{CC0B5471-21E6-4F41-85A4-82D224E7833B}.Debug|Any CPU.ActiveCfg = Debug|Any CPU
		{CC0B5471-21E6-4F41-85A4-82D224E7833B}.Debug|Any CPU.Build.0 = Debug|Any CPU
		{CC0B5471-21E6-4F41-85A4-82D224E7833B}.Release|Any CPU.ActiveCfg = Release|Any CPU
		{CC0B5471-21E6-4F41-85A4-82D224E7833B}.Release|Any CPU.Build.0 = Release|Any CPU
		{C2C6B789-816E-4138-977A-42FAC7CC5BFB}.Debug|Any CPU.ActiveCfg = Debug|Any CPU
		{C2C6B789-816E-4138-977A-42FAC7CC5BFB}.Debug|Any CPU.Build.0 = Debug|Any CPU
		{C2C6B789-816E-4138-977A-42FAC7CC5BFB}.Release|Any CPU.ActiveCfg = Release|Any CPU
		{C2C6B789-816E-4138-977A-42FAC7CC5BFB}.Release|Any CPU.Build.0 = Release|Any CPU
		{A5F3B129-5A1B-40B6-A458-29266A021B4E}.Debug|Any CPU.ActiveCfg = Debug|Any CPU
		{A5F3B129-5A1B-40B6-A458-29266A021B4E}.Debug|Any CPU.Build.0 = Debug|Any CPU
		{A5F3B129-5A1B-40B6-A458-29266A021B4E}.Release|Any CPU.ActiveCfg = Release|Any CPU
		{A5F3B129-5A1B-40B6-A458-29266A021B4E}.Release|Any CPU.Build.0 = Release|Any CPU
		{ABC151CC-E1AE-4A2A-95F2-2DCD35CB2B9D}.Debug|Any CPU.ActiveCfg = Debug|Any CPU
		{ABC151CC-E1AE-4A2A-95F2-2DCD35CB2B9D}.Debug|Any CPU.Build.0 = Debug|Any CPU
		{ABC151CC-E1AE-4A2A-95F2-2DCD35CB2B9D}.Release|Any CPU.ActiveCfg = Release|Any CPU
		{ABC151CC-E1AE-4A2A-95F2-2DCD35CB2B9D}.Release|Any CPU.Build.0 = Release|Any CPU
		{856128E5-D7FE-4FCF-A256-E42338F5A83B}.Debug|Any CPU.ActiveCfg = Debug|Any CPU
		{856128E5-D7FE-4FCF-A256-E42338F5A83B}.Debug|Any CPU.Build.0 = Debug|Any CPU
		{856128E5-D7FE-4FCF-A256-E42338F5A83B}.Release|Any CPU.ActiveCfg = Release|Any CPU
		{856128E5-D7FE-4FCF-A256-E42338F5A83B}.Release|Any CPU.Build.0 = Release|Any CPU
		{698F1CFC-B1F8-414B-A3DE-5FD259767860}.Debug|Any CPU.ActiveCfg = Debug|Any CPU
		{698F1CFC-B1F8-414B-A3DE-5FD259767860}.Debug|Any CPU.Build.0 = Debug|Any CPU
		{698F1CFC-B1F8-414B-A3DE-5FD259767860}.Release|Any CPU.ActiveCfg = Release|Any CPU
		{698F1CFC-B1F8-414B-A3DE-5FD259767860}.Release|Any CPU.Build.0 = Release|Any CPU
		{7B191702-E5B1-459B-99FB-2167B29F8B53}.Debug|Any CPU.ActiveCfg = Debug|Any CPU
		{7B191702-E5B1-459B-99FB-2167B29F8B53}.Debug|Any CPU.Build.0 = Debug|Any CPU
		{7B191702-E5B1-459B-99FB-2167B29F8B53}.Release|Any CPU.ActiveCfg = Release|Any CPU
		{7B191702-E5B1-459B-99FB-2167B29F8B53}.Release|Any CPU.Build.0 = Release|Any CPU
	EndGlobalSection
	GlobalSection(SolutionProperties) = preSolution
		HideSolutionNode = FALSE
	EndGlobalSection
	GlobalSection(NestedProjects) = preSolution
		{A5F3B129-5A1B-40B6-A458-29266A021B4E} = {89434C67-9DC3-4476-BDA1-B173685F793D}
		{7B191702-E5B1-459B-99FB-2167B29F8B53} = {89434C67-9DC3-4476-BDA1-B173685F793D}
		{ABC151CC-E1AE-4A2A-95F2-2DCD35CB2B9D} = {345EC5AF-F8E1-4B0E-B08F-92CF104DBFEF}
		{856128E5-D7FE-4FCF-A256-E42338F5A83B} = {345EC5AF-F8E1-4B0E-B08F-92CF104DBFEF}
		{698F1CFC-B1F8-414B-A3DE-5FD259767860} = {345EC5AF-F8E1-4B0E-B08F-92CF104DBFEF}
	EndGlobalSection
EndGlobal
